
Microsoft Visual Studio Solution File, Format Version 12.00
# Visual Studio Version 17
VisualStudioVersion = 17.6.33723.286
MinimumVisualStudioVersion = 10.0.40219.1
Project("{9A19103F-16F7-4668-BE54-9A1E7A4F7556}") = "ws3dx.shared", "..\ws3dx.shared\ws3dx.shared.csproj", "{6116E708-758C-4F1C-A38C-AC8527C2A25A}"
EndProject
Project("{9A19103F-16F7-4668-BE54-9A1E7A4F7556}") = "ws3dx.core", "..\ws3dx.core\ws3dx.core.csproj", "{E37CF378-409B-4339-A4E8-0F6663E15C64}"
EndProject
Project("{9A19103F-16F7-4668-BE54-9A1E7A4F7556}") = "ws3dx.dseng.tests", "..\ws3dx.dseng\tests\ws3dx.dseng.tests.csproj", "{E5C0CE50-2CF9-49B3-B9C0-D924D67FF2B2}"
EndProject
Project("{9A19103F-16F7-4668-BE54-9A1E7A4F7556}") = "ws3dx.dseng", "..\ws3dx.dseng\core\ws3dx.dseng.csproj", "{26E86448-0648-47CF-AAC6-A60DD3D9E1A7}"
EndProject
Project("{9A19103F-16F7-4668-BE54-9A1E7A4F7556}") = "ws3dx.dsmfg", "..\ws3dx.dsmfg\core\ws3dx.dsmfg.csproj", "{2EB880E5-264E-4FED-A1E9-F50407A6C3B5}"
EndProject
Project("{9A19103F-16F7-4668-BE54-9A1E7A4F7556}") = "ws3dx.dsmfg.tests", "..\ws3dx.dsmfg\tests\ws3dx.dsmfg.tests.csproj", "{D8628145-BB1C-4BD9-8138-71A42804D401}"
EndProject
Project("{9A19103F-16F7-4668-BE54-9A1E7A4F7556}") = "ws3dx.project.task", "..\ws3dx.project\task\core\ws3dx.project.task.csproj", "{A68CEBAD-D2A1-4F9E-AA80-076DCC0DD102}"
EndProject
Project("{9A19103F-16F7-4668-BE54-9A1E7A4F7556}") = "ws3dx.project.task.tests", "..\ws3dx.project\task\tests\ws3dx.project.task.tests.csproj", "{A098F4EC-6B61-4879-B985-C4EE6AE4A41F}"
EndProject
Project("{9A19103F-16F7-4668-BE54-9A1E7A4F7556}") = "ws3dx.dsxcad.core", "..\ws3dx.dsxcad\core\ws3dx.dsxcad.core.csproj", "{6D731814-8763-4018-B01C-C26E135482E8}"
EndProject
Project("{9A19103F-16F7-4668-BE54-9A1E7A4F7556}") = "ws3dx.dsxcad.tests", "..\ws3dx.dsxcad\tests\ws3dx.dsxcad.tests.csproj", "{FB4A480C-6842-4381-9D10-30E9049AAF7E}"
EndProject
Global
	GlobalSection(SolutionConfigurationPlatforms) = preSolution
		Debug|Any CPU = Debug|Any CPU
		Release|Any CPU = Release|Any CPU
	EndGlobalSection
	GlobalSection(ProjectConfigurationPlatforms) = postSolution
		{6116E708-758C-4F1C-A38C-AC8527C2A25A}.Debug|Any CPU.ActiveCfg = Debug|Any CPU
		{6116E708-758C-4F1C-A38C-AC8527C2A25A}.Debug|Any CPU.Build.0 = Debug|Any CPU
		{6116E708-758C-4F1C-A38C-AC8527C2A25A}.Release|Any CPU.ActiveCfg = Release|Any CPU
		{6116E708-758C-4F1C-A38C-AC8527C2A25A}.Release|Any CPU.Build.0 = Release|Any CPU
		{E37CF378-409B-4339-A4E8-0F6663E15C64}.Debug|Any CPU.ActiveCfg = Debug|Any CPU
		{E37CF378-409B-4339-A4E8-0F6663E15C64}.Debug|Any CPU.Build.0 = Debug|Any CPU
		{E37CF378-409B-4339-A4E8-0F6663E15C64}.Release|Any CPU.ActiveCfg = Release|Any CPU
		{E37CF378-409B-4339-A4E8-0F6663E15C64}.Release|Any CPU.Build.0 = Release|Any CPU
		{E5C0CE50-2CF9-49B3-B9C0-D924D67FF2B2}.Debug|Any CPU.ActiveCfg = Debug|Any CPU
		{E5C0CE50-2CF9-49B3-B9C0-D924D67FF2B2}.Debug|Any CPU.Build.0 = Debug|Any CPU
		{E5C0CE50-2CF9-49B3-B9C0-D924D67FF2B2}.Release|Any CPU.ActiveCfg = Release|Any CPU
		{E5C0CE50-2CF9-49B3-B9C0-D924D67FF2B2}.Release|Any CPU.Build.0 = Release|Any CPU
		{26E86448-0648-47CF-AAC6-A60DD3D9E1A7}.Debug|Any CPU.ActiveCfg = Debug|Any CPU
		{26E86448-0648-47CF-AAC6-A60DD3D9E1A7}.Debug|Any CPU.Build.0 = Debug|Any CPU
		{26E86448-0648-47CF-AAC6-A60DD3D9E1A7}.Release|Any CPU.ActiveCfg = Release|Any CPU
		{26E86448-0648-47CF-AAC6-A60DD3D9E1A7}.Release|Any CPU.Build.0 = Release|Any CPU
		{2EB880E5-264E-4FED-A1E9-F50407A6C3B5}.Debug|Any CPU.ActiveCfg = Debug|Any CPU
		{2EB880E5-264E-4FED-A1E9-F50407A6C3B5}.Debug|Any CPU.Build.0 = Debug|Any CPU
		{2EB880E5-264E-4FED-A1E9-F50407A6C3B5}.Release|Any CPU.ActiveCfg = Release|Any CPU
		{2EB880E5-264E-4FED-A1E9-F50407A6C3B5}.Release|Any CPU.Build.0 = Release|Any CPU
		{D8628145-BB1C-4BD9-8138-71A42804D401}.Debug|Any CPU.ActiveCfg = Debug|Any CPU
		{D8628145-BB1C-4BD9-8138-71A42804D401}.Debug|Any CPU.Build.0 = Debug|Any CPU
		{D8628145-BB1C-4BD9-8138-71A42804D401}.Release|Any CPU.ActiveCfg = Release|Any CPU
		{D8628145-BB1C-4BD9-8138-71A42804D401}.Release|Any CPU.Build.0 = Release|Any CPU
		{A68CEBAD-D2A1-4F9E-AA80-076DCC0DD102}.Debug|Any CPU.ActiveCfg = Debug|Any CPU
		{A68CEBAD-D2A1-4F9E-AA80-076DCC0DD102}.Debug|Any CPU.Build.0 = Debug|Any CPU
		{A68CEBAD-D2A1-4F9E-AA80-076DCC0DD102}.Release|Any CPU.ActiveCfg = Release|Any CPU
		{A68CEBAD-D2A1-4F9E-AA80-076DCC0DD102}.Release|Any CPU.Build.0 = Release|Any CPU
		{A098F4EC-6B61-4879-B985-C4EE6AE4A41F}.Debug|Any CPU.ActiveCfg = Debug|Any CPU
		{A098F4EC-6B61-4879-B985-C4EE6AE4A41F}.Debug|Any CPU.Build.0 = Debug|Any CPU
		{A098F4EC-6B61-4879-B985-C4EE6AE4A41F}.Release|Any CPU.ActiveCfg = Release|Any CPU
		{A098F4EC-6B61-4879-B985-C4EE6AE4A41F}.Release|Any CPU.Build.0 = Release|Any CPU
		{6D731814-8763-4018-B01C-C26E135482E8}.Debug|Any CPU.ActiveCfg = Debug|Any CPU
		{6D731814-8763-4018-B01C-C26E135482E8}.Debug|Any CPU.Build.0 = Debug|Any CPU
		{6D731814-8763-4018-B01C-C26E135482E8}.Release|Any CPU.ActiveCfg = Release|Any CPU
		{6D731814-8763-4018-B01C-C26E135482E8}.Release|Any CPU.Build.0 = Release|Any CPU
		{FB4A480C-6842-4381-9D10-30E9049AAF7E}.Debug|Any CPU.ActiveCfg = Debug|Any CPU
		{FB4A480C-6842-4381-9D10-30E9049AAF7E}.Debug|Any CPU.Build.0 = Debug|Any CPU
		{FB4A480C-6842-4381-9D10-30E9049AAF7E}.Release|Any CPU.ActiveCfg = Release|Any CPU
		{FB4A480C-6842-4381-9D10-30E9049AAF7E}.Release|Any CPU.Build.0 = Release|Any CPU
	EndGlobalSection
	GlobalSection(SolutionProperties) = preSolution
		HideSolutionNode = FALSE
	EndGlobalSection
	GlobalSection(ExtensibilityGlobals) = postSolution
		SolutionGuid = {877C0D2D-E065-4331-9128-8BBA3D89DFF3}
	EndGlobalSection
EndGlobal
