
Microsoft Visual Studio Solution File, Format Version 12.00
# Visual Studio Version 17
VisualStudioVersion = 17.6.33723.286
MinimumVisualStudioVersion = 10.0.40219.1
Project("{9A19103F-16F7-4668-BE54-9A1E7A4F7556}") = "ws3dx.shared", "..\ws3dx.shared\ws3dx.shared.csproj", "{6116E708-758C-4F1C-A38C-AC8527C2A25A}"
EndProject
Project("{9A19103F-16F7-4668-BE54-9A1E7A4F7556}") = "ws3dx.core", "..\ws3dx.core\ws3dx.core.csproj", "{E37CF378-409B-4339-A4E8-0F6663E15C64}"
EndProject
Project("{9A19103F-16F7-4668-BE54-9A1E7A4F7556}") = "ws3dx.dseng.tests", "..\ws3dx.dseng\tests\ws3dx.dseng.tests.csproj", "{E5C0CE50-2CF9-49B3-B9C0-D924D67FF2B2}"
EndProject
Project("{9A19103F-16F7-4668-BE54-9A1E7A4F7556}") = "ws3dx.dseng", "..\ws3dx.dseng\core\ws3dx.dseng.csproj", "{26E86448-0648-47CF-AAC6-A60DD3D9E1A7}"
EndProject
Global
	GlobalSection(SolutionConfigurationPlatforms) = preSolution
		Debug|Any CPU = Debug|Any CPU
		Release|Any CPU = Release|Any CPU
	EndGlobalSection
	GlobalSection(ProjectConfigurationPlatforms) = postSolution
		{6116E708-758C-4F1C-A38C-AC8527C2A25A}.Debug|Any CPU.ActiveCfg = Debug|Any CPU
		{6116E708-758C-4F1C-A38C-AC8527C2A25A}.Debug|Any CPU.Build.0 = Debug|Any CPU
		{6116E708-758C-4F1C-A38C-AC8527C2A25A}.Release|Any CPU.ActiveCfg = Release|Any CPU
		{6116E708-758C-4F1C-A38C-AC8527C2A25A}.Release|Any CPU.Build.0 = Release|Any CPU
		{E37CF378-409B-4339-A4E8-0F6663E15C64}.Debug|Any CPU.ActiveCfg = Debug|Any CPU
		{E37CF378-409B-4339-A4E8-0F6663E15C64}.Debug|Any CPU.Build.0 = Debug|Any CPU
		{E37CF378-409B-4339-A4E8-0F6663E15C64}.Release|Any CPU.ActiveCfg = Release|Any CPU
		{E37CF378-409B-4339-A4E8-0F6663E15C64}.Release|Any CPU.Build.0 = Release|Any CPU
		{E5C0CE50-2CF9-49B3-B9C0-D924D67FF2B2}.Debug|Any CPU.ActiveCfg = Debug|Any CPU
		{E5C0CE50-2CF9-49B3-B9C0-D924D67FF2B2}.Debug|Any CPU.Build.0 = Debug|Any CPU
		{E5C0CE50-2CF9-49B3-B9C0-D924D67FF2B2}.Release|Any CPU.ActiveCfg = Release|Any CPU
		{E5C0CE50-2CF9-49B3-B9C0-D924D67FF2B2}.Release|Any CPU.Build.0 = Release|Any CPU
		{26E86448-0648-47CF-AAC6-A60DD3D9E1A7}.Debug|Any CPU.ActiveCfg = Debug|Any CPU
		{26E86448-0648-47CF-AAC6-A60DD3D9E1A7}.Debug|Any CPU.Build.0 = Debug|Any CPU
		{26E86448-0648-47CF-AAC6-A60DD3D9E1A7}.Release|Any CPU.ActiveCfg = Release|Any CPU
		{26E86448-0648-47CF-AAC6-A60DD3D9E1A7}.Release|Any CPU.Build.0 = Release|Any CPU
	EndGlobalSection
	GlobalSection(SolutionProperties) = preSolution
		HideSolutionNode = FALSE
	EndGlobalSection
	GlobalSection(ExtensibilityGlobals) = postSolution
		SolutionGuid = {877C0D2D-E065-4331-9128-8BBA3D89DFF3}
	EndGlobalSection
EndGlobal
