
Microsoft Visual Studio Solution File, Format Version 12.00
# Visual Studio Version 16
VisualStudioVersion = 16.0.33027.164
MinimumVisualStudioVersion = 10.0.40219.1
Project("{2C001468-D280-4076-A8AC-A194B4E7F24A}") = "ws3dx.document.tests", "tests\ws3dx.document.tests.csproj", "{E1F43C21-AB10-447B-BA36-7B83380322D9}"
EndProject
Project("{2C001468-D280-4076-A8AC-A194B4E7F24A}") = "ws3dx.core", "..\ws3dx.core\ws3dx.core.csproj", "{E201FC1F-7374-4B21-BB89-3DE5BB2E6823}"
EndProject
Project("{2C001468-D280-4076-A8AC-A194B4E7F24A}") = "ws3dx.shared", "..\ws3dx.shared\ws3dx.shared.csproj", "{860C8EEB-7AF3-48A5-BDB4-4A1D18DD933C}"
EndProject
Project("{2C001468-D280-4076-A8AC-A194B4E7F24A}") = "ws3dx.document.core", "core\ws3dx.document.core.csproj", "{8742F2CA-08D7-42BB-A5E2-0CC35D991EBE}"
EndProject
Project("{2C001468-D280-4076-A8AC-A194B4E7F24A}") = "ws3dx.document.data", "data\ws3dx.document.data.csproj", "{A0A3CE50-5004-4BE2-A58B-EE93AF179286}"
EndProject
Global
	GlobalSection(SolutionConfigurationPlatforms) = preSolution
		Debug|Any CPU = Debug|Any CPU
		Release|Any CPU = Release|Any CPU
	EndGlobalSection
	GlobalSection(ProjectConfigurationPlatforms) = postSolution
		{E1F43C21-AB10-447B-BA36-7B83380322D9}.Debug|Any CPU.ActiveCfg = Debug|Any CPU
		{E1F43C21-AB10-447B-BA36-7B83380322D9}.Debug|Any CPU.Build.0 = Debug|Any CPU
		{E1F43C21-AB10-447B-BA36-7B83380322D9}.Release|Any CPU.ActiveCfg = Release|Any CPU
		{E1F43C21-AB10-447B-BA36-7B83380322D9}.Release|Any CPU.Build.0 = Release|Any CPU
		{E201FC1F-7374-4B21-BB89-3DE5BB2E6823}.Debug|Any CPU.ActiveCfg = Debug|Any CPU
		{E201FC1F-7374-4B21-BB89-3DE5BB2E6823}.Debug|Any CPU.Build.0 = Debug|Any CPU
		{E201FC1F-7374-4B21-BB89-3DE5BB2E6823}.Release|Any CPU.ActiveCfg = Release|Any CPU
		{E201FC1F-7374-4B21-BB89-3DE5BB2E6823}.Release|Any CPU.Build.0 = Release|Any CPU
		{860C8EEB-7AF3-48A5-BDB4-4A1D18DD933C}.Debug|Any CPU.ActiveCfg = Debug|Any CPU
		{860C8EEB-7AF3-48A5-BDB4-4A1D18DD933C}.Debug|Any CPU.Build.0 = Debug|Any CPU
		{860C8EEB-7AF3-48A5-BDB4-4A1D18DD933C}.Release|Any CPU.ActiveCfg = Release|Any CPU
		{860C8EEB-7AF3-48A5-BDB4-4A1D18DD933C}.Release|Any CPU.Build.0 = Release|Any CPU
		{8742F2CA-08D7-42BB-A5E2-0CC35D991EBE}.Debug|Any CPU.ActiveCfg = Debug|Any CPU
		{8742F2CA-08D7-42BB-A5E2-0CC35D991EBE}.Debug|Any CPU.Build.0 = Debug|Any CPU
		{8742F2CA-08D7-42BB-A5E2-0CC35D991EBE}.Release|Any CPU.ActiveCfg = Release|Any CPU
		{8742F2CA-08D7-42BB-A5E2-0CC35D991EBE}.Release|Any CPU.Build.0 = Release|Any CPU
		{A0A3CE50-5004-4BE2-A58B-EE93AF179286}.Debug|Any CPU.ActiveCfg = Debug|Any CPU
		{A0A3CE50-5004-4BE2-A58B-EE93AF179286}.Debug|Any CPU.Build.0 = Debug|Any CPU
		{A0A3CE50-5004-4BE2-A58B-EE93AF179286}.Release|Any CPU.ActiveCfg = Release|Any CPU
		{A0A3CE50-5004-4BE2-A58B-EE93AF179286}.Release|Any CPU.Build.0 = Release|Any CPU
	EndGlobalSection
	GlobalSection(SolutionProperties) = preSolution
		HideSolutionNode = FALSE
	EndGlobalSection
	GlobalSection(ExtensibilityGlobals) = postSolution
		SolutionGuid = {48CE6C3B-2649-46D7-912C-1E56C8CF32DF}
	EndGlobalSection
EndGlobal
