
Microsoft Visual Studio Solution File, Format Version 12.00
# Visual Studio Version 16
VisualStudioVersion = 16.0.33027.164
MinimumVisualStudioVersion = 10.0.40219.1
Project("{F414BEB9-B150-4889-93EA-826D7089FE7D}") = "ws3dx.dsbks.tests", "tests\ws3dx.dsbks.tests.csproj", "{B63E2B65-2ECD-43B7-A664-FC04C8EF9355}"
EndProject
Project("{F414BEB9-B150-4889-93EA-826D7089FE7D}") = "ws3dx.core", "..\ws3dx.core\ws3dx.core.csproj", "{0896BF8E-2A59-453C-88F5-013307C8B1C9}"
EndProject
Project("{F414BEB9-B150-4889-93EA-826D7089FE7D}") = "ws3dx.shared", "..\ws3dx.shared\ws3dx.shared.csproj", "{5AE96008-AF43-4EDA-BABB-178891CF5003}"
EndProject
Project("{F414BEB9-B150-4889-93EA-826D7089FE7D}") = "ws3dx.dsbks.core", "core\ws3dx.dsbks.core.csproj", "{DAF80A69-C799-49EA-BB0C-F08A0D70C867}"
EndProject
Project("{F414BEB9-B150-4889-93EA-826D7089FE7D}") = "ws3dx.dsbks.data", "data\ws3dx.dsbks.data.csproj", "{71E59280-1E87-4262-9751-0E84D19225B6}"
EndProject
Global
	GlobalSection(SolutionConfigurationPlatforms) = preSolution
		Debug|Any CPU = Debug|Any CPU
		Release|Any CPU = Release|Any CPU
	EndGlobalSection
	GlobalSection(ProjectConfigurationPlatforms) = postSolution
		{B63E2B65-2ECD-43B7-A664-FC04C8EF9355}.Debug|Any CPU.ActiveCfg = Debug|Any CPU
		{B63E2B65-2ECD-43B7-A664-FC04C8EF9355}.Debug|Any CPU.Build.0 = Debug|Any CPU
		{B63E2B65-2ECD-43B7-A664-FC04C8EF9355}.Release|Any CPU.ActiveCfg = Release|Any CPU
		{B63E2B65-2ECD-43B7-A664-FC04C8EF9355}.Release|Any CPU.Build.0 = Release|Any CPU
		{0896BF8E-2A59-453C-88F5-013307C8B1C9}.Debug|Any CPU.ActiveCfg = Debug|Any CPU
		{0896BF8E-2A59-453C-88F5-013307C8B1C9}.Debug|Any CPU.Build.0 = Debug|Any CPU
		{0896BF8E-2A59-453C-88F5-013307C8B1C9}.Release|Any CPU.ActiveCfg = Release|Any CPU
		{0896BF8E-2A59-453C-88F5-013307C8B1C9}.Release|Any CPU.Build.0 = Release|Any CPU
		{5AE96008-AF43-4EDA-BABB-178891CF5003}.Debug|Any CPU.ActiveCfg = Debug|Any CPU
		{5AE96008-AF43-4EDA-BABB-178891CF5003}.Debug|Any CPU.Build.0 = Debug|Any CPU
		{5AE96008-AF43-4EDA-BABB-178891CF5003}.Release|Any CPU.ActiveCfg = Release|Any CPU
		{5AE96008-AF43-4EDA-BABB-178891CF5003}.Release|Any CPU.Build.0 = Release|Any CPU
		{DAF80A69-C799-49EA-BB0C-F08A0D70C867}.Debug|Any CPU.ActiveCfg = Debug|Any CPU
		{DAF80A69-C799-49EA-BB0C-F08A0D70C867}.Debug|Any CPU.Build.0 = Debug|Any CPU
		{DAF80A69-C799-49EA-BB0C-F08A0D70C867}.Release|Any CPU.ActiveCfg = Release|Any CPU
		{DAF80A69-C799-49EA-BB0C-F08A0D70C867}.Release|Any CPU.Build.0 = Release|Any CPU
		{71E59280-1E87-4262-9751-0E84D19225B6}.Debug|Any CPU.ActiveCfg = Debug|Any CPU
		{71E59280-1E87-4262-9751-0E84D19225B6}.Debug|Any CPU.Build.0 = Debug|Any CPU
		{71E59280-1E87-4262-9751-0E84D19225B6}.Release|Any CPU.ActiveCfg = Release|Any CPU
		{71E59280-1E87-4262-9751-0E84D19225B6}.Release|Any CPU.Build.0 = Release|Any CPU
	EndGlobalSection
	GlobalSection(SolutionProperties) = preSolution
		HideSolutionNode = FALSE
	EndGlobalSection
	GlobalSection(ExtensibilityGlobals) = postSolution
		SolutionGuid = {48CE6C3B-2649-46D7-912C-1E56C8CF32DF}
	EndGlobalSection
EndGlobal
