
Microsoft Visual Studio Solution File, Format Version 12.00
# Visual Studio Version 16
VisualStudioVersion = 16.0.33027.164
MinimumVisualStudioVersion = 10.0.40219.1
Project("{A8BF68FF-18A1-4763-AAC0-E71FC771F497}") = "ws3dx.project.project.tests", "tests\ws3dx.project.project.tests.csproj", "{2D2A9671-8529-4E70-A91E-DEB580790E7B}"
EndProject
Project("{A8BF68FF-18A1-4763-AAC0-E71FC771F497}") = "ws3dx.core", "..\..\ws3dx.core\ws3dx.core.csproj", "{C6342A2D-2880-466A-80C0-0C1C7726C620}"
EndProject
Project("{A8BF68FF-18A1-4763-AAC0-E71FC771F497}") = "ws3dx.shared", "..\..\ws3dx.shared\ws3dx.shared.csproj", "{A559826E-8CC2-4F92-B583-733039979C26}"
EndProject
Project("{A8BF68FF-18A1-4763-AAC0-E71FC771F497}") = "ws3dx.project.project.core", "core\ws3dx.project.project.core.csproj", "{86779405-BE6A-4800-A1E6-2BD2D0C90B3D}"
EndProject
Project("{A8BF68FF-18A1-4763-AAC0-E71FC771F497}") = "ws3dx.project.project.data", "data\ws3dx.project.project.data.csproj", "{AE2D86E2-9537-4DF9-A012-0A29D270531E}"
EndProject
Global
	GlobalSection(SolutionConfigurationPlatforms) = preSolution
		Debug|Any CPU = Debug|Any CPU
		Release|Any CPU = Release|Any CPU
	EndGlobalSection
	GlobalSection(ProjectConfigurationPlatforms) = postSolution
		{2D2A9671-8529-4E70-A91E-DEB580790E7B}.Debug|Any CPU.ActiveCfg = Debug|Any CPU
		{2D2A9671-8529-4E70-A91E-DEB580790E7B}.Debug|Any CPU.Build.0 = Debug|Any CPU
		{2D2A9671-8529-4E70-A91E-DEB580790E7B}.Release|Any CPU.ActiveCfg = Release|Any CPU
		{2D2A9671-8529-4E70-A91E-DEB580790E7B}.Release|Any CPU.Build.0 = Release|Any CPU
		{C6342A2D-2880-466A-80C0-0C1C7726C620}.Debug|Any CPU.ActiveCfg = Debug|Any CPU
		{C6342A2D-2880-466A-80C0-0C1C7726C620}.Debug|Any CPU.Build.0 = Debug|Any CPU
		{C6342A2D-2880-466A-80C0-0C1C7726C620}.Release|Any CPU.ActiveCfg = Release|Any CPU
		{C6342A2D-2880-466A-80C0-0C1C7726C620}.Release|Any CPU.Build.0 = Release|Any CPU
		{A559826E-8CC2-4F92-B583-733039979C26}.Debug|Any CPU.ActiveCfg = Debug|Any CPU
		{A559826E-8CC2-4F92-B583-733039979C26}.Debug|Any CPU.Build.0 = Debug|Any CPU
		{A559826E-8CC2-4F92-B583-733039979C26}.Release|Any CPU.ActiveCfg = Release|Any CPU
		{A559826E-8CC2-4F92-B583-733039979C26}.Release|Any CPU.Build.0 = Release|Any CPU
		{86779405-BE6A-4800-A1E6-2BD2D0C90B3D}.Debug|Any CPU.ActiveCfg = Debug|Any CPU
		{86779405-BE6A-4800-A1E6-2BD2D0C90B3D}.Debug|Any CPU.Build.0 = Debug|Any CPU
		{86779405-BE6A-4800-A1E6-2BD2D0C90B3D}.Release|Any CPU.ActiveCfg = Release|Any CPU
		{86779405-BE6A-4800-A1E6-2BD2D0C90B3D}.Release|Any CPU.Build.0 = Release|Any CPU
		{AE2D86E2-9537-4DF9-A012-0A29D270531E}.Debug|Any CPU.ActiveCfg = Debug|Any CPU
		{AE2D86E2-9537-4DF9-A012-0A29D270531E}.Debug|Any CPU.Build.0 = Debug|Any CPU
		{AE2D86E2-9537-4DF9-A012-0A29D270531E}.Release|Any CPU.ActiveCfg = Release|Any CPU
		{AE2D86E2-9537-4DF9-A012-0A29D270531E}.Release|Any CPU.Build.0 = Release|Any CPU
	EndGlobalSection
	GlobalSection(SolutionProperties) = preSolution
		HideSolutionNode = FALSE
	EndGlobalSection
	GlobalSection(ExtensibilityGlobals) = postSolution
		SolutionGuid = {48CE6C3B-2649-46D7-912C-1E56C8CF32DF}
	EndGlobalSection
EndGlobal
