
Microsoft Visual Studio Solution File, Format Version 12.00
# Visual Studio Version 16
VisualStudioVersion = 16.0.33027.164
MinimumVisualStudioVersion = 10.0.40219.1
Project("{73429CC4-5FF1-4BC8-980F-9BC436C26978}") = "ws3dx.dsmfg.tests", "tests\ws3dx.dsmfg.tests.csproj", "{21704FC5-A6B6-44E0-906C-F42577C15489}"
EndProject
Project("{73429CC4-5FF1-4BC8-980F-9BC436C26978}") = "ws3dx.core", "..\ws3dx.core\ws3dx.core.csproj", "{DA043F85-21A5-4DD4-AA30-8F7A97C89678}"
EndProject
Project("{73429CC4-5FF1-4BC8-980F-9BC436C26978}") = "ws3dx.shared", "..\ws3dx.shared\ws3dx.shared.csproj", "{D673D7A6-6924-4F34-A8BB-FDE6FAA39F55}"
EndProject
Project("{73429CC4-5FF1-4BC8-980F-9BC436C26978}") = "ws3dx.dsmfg.core", "core\ws3dx.dsmfg.core.csproj", "{DA4EA06A-BE75-4759-9AC1-E16C4BD9D549}"
EndProject
Project("{73429CC4-5FF1-4BC8-980F-9BC436C26978}") = "ws3dx.dsmfg.data", "data\ws3dx.dsmfg.data.csproj", "{5383753D-33D4-4A4F-A8D5-9FEC9CC96880}"
EndProject
Global
	GlobalSection(SolutionConfigurationPlatforms) = preSolution
		Debug|Any CPU = Debug|Any CPU
		Release|Any CPU = Release|Any CPU
	EndGlobalSection
	GlobalSection(ProjectConfigurationPlatforms) = postSolution
		{21704FC5-A6B6-44E0-906C-F42577C15489}.Debug|Any CPU.ActiveCfg = Debug|Any CPU
		{21704FC5-A6B6-44E0-906C-F42577C15489}.Debug|Any CPU.Build.0 = Debug|Any CPU
		{21704FC5-A6B6-44E0-906C-F42577C15489}.Release|Any CPU.ActiveCfg = Release|Any CPU
		{21704FC5-A6B6-44E0-906C-F42577C15489}.Release|Any CPU.Build.0 = Release|Any CPU
		{DA043F85-21A5-4DD4-AA30-8F7A97C89678}.Debug|Any CPU.ActiveCfg = Debug|Any CPU
		{DA043F85-21A5-4DD4-AA30-8F7A97C89678}.Debug|Any CPU.Build.0 = Debug|Any CPU
		{DA043F85-21A5-4DD4-AA30-8F7A97C89678}.Release|Any CPU.ActiveCfg = Release|Any CPU
		{DA043F85-21A5-4DD4-AA30-8F7A97C89678}.Release|Any CPU.Build.0 = Release|Any CPU
		{D673D7A6-6924-4F34-A8BB-FDE6FAA39F55}.Debug|Any CPU.ActiveCfg = Debug|Any CPU
		{D673D7A6-6924-4F34-A8BB-FDE6FAA39F55}.Debug|Any CPU.Build.0 = Debug|Any CPU
		{D673D7A6-6924-4F34-A8BB-FDE6FAA39F55}.Release|Any CPU.ActiveCfg = Release|Any CPU
		{D673D7A6-6924-4F34-A8BB-FDE6FAA39F55}.Release|Any CPU.Build.0 = Release|Any CPU
		{DA4EA06A-BE75-4759-9AC1-E16C4BD9D549}.Debug|Any CPU.ActiveCfg = Debug|Any CPU
		{DA4EA06A-BE75-4759-9AC1-E16C4BD9D549}.Debug|Any CPU.Build.0 = Debug|Any CPU
		{DA4EA06A-BE75-4759-9AC1-E16C4BD9D549}.Release|Any CPU.ActiveCfg = Release|Any CPU
		{DA4EA06A-BE75-4759-9AC1-E16C4BD9D549}.Release|Any CPU.Build.0 = Release|Any CPU
		{5383753D-33D4-4A4F-A8D5-9FEC9CC96880}.Debug|Any CPU.ActiveCfg = Debug|Any CPU
		{5383753D-33D4-4A4F-A8D5-9FEC9CC96880}.Debug|Any CPU.Build.0 = Debug|Any CPU
		{5383753D-33D4-4A4F-A8D5-9FEC9CC96880}.Release|Any CPU.ActiveCfg = Release|Any CPU
		{5383753D-33D4-4A4F-A8D5-9FEC9CC96880}.Release|Any CPU.Build.0 = Release|Any CPU
	EndGlobalSection
	GlobalSection(SolutionProperties) = preSolution
		HideSolutionNode = FALSE
	EndGlobalSection
	GlobalSection(ExtensibilityGlobals) = postSolution
		SolutionGuid = {48CE6C3B-2649-46D7-912C-1E56C8CF32DF}
	EndGlobalSection
EndGlobal
