
Microsoft Visual Studio Solution File, Format Version 12.00
# Visual Studio Version 16
VisualStudioVersion = 16.0.33027.164
MinimumVisualStudioVersion = 10.0.40219.1
Project("{DD5F806B-D3C6-4DF7-84EF-16B46CEA5728}") = "ws3dx.dssrc.tests", "tests\ws3dx.dssrc.tests.csproj", "{96157265-9964-41EF-BCAD-E8BE434BAE5C}"
EndProject
Project("{DD5F806B-D3C6-4DF7-84EF-16B46CEA5728}") = "ws3dx.core", "..\ws3dx.core\ws3dx.core.csproj", "{0F9DAB23-556D-4CF5-8D38-C7E2BBC12600}"
EndProject
Project("{DD5F806B-D3C6-4DF7-84EF-16B46CEA5728}") = "ws3dx.shared", "..\ws3dx.shared\ws3dx.shared.csproj", "{2D44A047-527F-4D39-8286-6101401CF4EE}"
EndProject
Project("{DD5F806B-D3C6-4DF7-84EF-16B46CEA5728}") = "ws3dx.dssrc.core", "core\ws3dx.dssrc.core.csproj", "{5968C86B-97D6-462B-9213-DA99385D72C9}"
EndProject
Project("{DD5F806B-D3C6-4DF7-84EF-16B46CEA5728}") = "ws3dx.dssrc.data", "data\ws3dx.dssrc.data.csproj", "{45CEAF35-3552-4354-A79D-0863602415A1}"
EndProject
Global
	GlobalSection(SolutionConfigurationPlatforms) = preSolution
		Debug|Any CPU = Debug|Any CPU
		Release|Any CPU = Release|Any CPU
	EndGlobalSection
	GlobalSection(ProjectConfigurationPlatforms) = postSolution
		{96157265-9964-41EF-BCAD-E8BE434BAE5C}.Debug|Any CPU.ActiveCfg = Debug|Any CPU
		{96157265-9964-41EF-BCAD-E8BE434BAE5C}.Debug|Any CPU.Build.0 = Debug|Any CPU
		{96157265-9964-41EF-BCAD-E8BE434BAE5C}.Release|Any CPU.ActiveCfg = Release|Any CPU
		{96157265-9964-41EF-BCAD-E8BE434BAE5C}.Release|Any CPU.Build.0 = Release|Any CPU
		{0F9DAB23-556D-4CF5-8D38-C7E2BBC12600}.Debug|Any CPU.ActiveCfg = Debug|Any CPU
		{0F9DAB23-556D-4CF5-8D38-C7E2BBC12600}.Debug|Any CPU.Build.0 = Debug|Any CPU
		{0F9DAB23-556D-4CF5-8D38-C7E2BBC12600}.Release|Any CPU.ActiveCfg = Release|Any CPU
		{0F9DAB23-556D-4CF5-8D38-C7E2BBC12600}.Release|Any CPU.Build.0 = Release|Any CPU
		{2D44A047-527F-4D39-8286-6101401CF4EE}.Debug|Any CPU.ActiveCfg = Debug|Any CPU
		{2D44A047-527F-4D39-8286-6101401CF4EE}.Debug|Any CPU.Build.0 = Debug|Any CPU
		{2D44A047-527F-4D39-8286-6101401CF4EE}.Release|Any CPU.ActiveCfg = Release|Any CPU
		{2D44A047-527F-4D39-8286-6101401CF4EE}.Release|Any CPU.Build.0 = Release|Any CPU
		{5968C86B-97D6-462B-9213-DA99385D72C9}.Debug|Any CPU.ActiveCfg = Debug|Any CPU
		{5968C86B-97D6-462B-9213-DA99385D72C9}.Debug|Any CPU.Build.0 = Debug|Any CPU
		{5968C86B-97D6-462B-9213-DA99385D72C9}.Release|Any CPU.ActiveCfg = Release|Any CPU
		{5968C86B-97D6-462B-9213-DA99385D72C9}.Release|Any CPU.Build.0 = Release|Any CPU
		{45CEAF35-3552-4354-A79D-0863602415A1}.Debug|Any CPU.ActiveCfg = Debug|Any CPU
		{45CEAF35-3552-4354-A79D-0863602415A1}.Debug|Any CPU.Build.0 = Debug|Any CPU
		{45CEAF35-3552-4354-A79D-0863602415A1}.Release|Any CPU.ActiveCfg = Release|Any CPU
		{45CEAF35-3552-4354-A79D-0863602415A1}.Release|Any CPU.Build.0 = Release|Any CPU
	EndGlobalSection
	GlobalSection(SolutionProperties) = preSolution
		HideSolutionNode = FALSE
	EndGlobalSection
	GlobalSection(ExtensibilityGlobals) = postSolution
		SolutionGuid = {48CE6C3B-2649-46D7-912C-1E56C8CF32DF}
	EndGlobalSection
EndGlobal
